// !$*UTF8*$!
{
	archiveVersion = 1;
	classes = {
	};
	objectVersion = 52;
	objects = {

/* Begin PBXBuildFile section */
		761F4751261E212A0019B580 /* UpdateEmailSheet.swift in Sources */ = {isa = PBXBuildFile; fileRef = 761F4750261E212A0019B580 /* UpdateEmailSheet.swift */; };
		761F4758261E43CB0019B580 /* SubmitButton.swift in Sources */ = {isa = PBXBuildFile; fileRef = 761F4757261E43CB0019B580 /* SubmitButton.swift */; };
		762EB076262655A100466F64 /* JoinTeamSheet.swift in Sources */ = {isa = PBXBuildFile; fileRef = 762EB075262655A100466F64 /* JoinTeamSheet.swift */; };
		76731F342602802200536836 /* TeamSettingsView.swift in Sources */ = {isa = PBXBuildFile; fileRef = 76731F332602802200536836 /* TeamSettingsView.swift */; };
		76731F392602828C00536836 /* PreferencePic.swift in Sources */ = {isa = PBXBuildFile; fileRef = 76731F382602828C00536836 /* PreferencePic.swift */; };
		76731F3D2602880500536836 /* TextEditButton.swift in Sources */ = {isa = PBXBuildFile; fileRef = 76731F3C2602880500536836 /* TextEditButton.swift */; };
		76731F4026029A7900536836 /* DeleteButton.swift in Sources */ = {isa = PBXBuildFile; fileRef = 76731F3F26029A7900536836 /* DeleteButton.swift */; };
		767994BE25DDC79A001970B4 /* CreateAccountView.swift in Sources */ = {isa = PBXBuildFile; fileRef = 767994BD25DDC79A001970B4 /* CreateAccountView.swift */; };
		768315D2261F5A1500F9D593 /* LogOutButton.swift in Sources */ = {isa = PBXBuildFile; fileRef = 768315D1261F5A1500F9D593 /* LogOutButton.swift */; };
		76996464260699E5005058C7 /* Group.swift in Sources */ = {isa = PBXBuildFile; fileRef = 76996463260699E5005058C7 /* Group.swift */; };
		7699646726069A55005058C7 /* GroupViewModel.swift in Sources */ = {isa = PBXBuildFile; fileRef = 7699646626069A55005058C7 /* GroupViewModel.swift */; };
		76A0956125E745D800917450 /* CreateTeamSheet.swift in Sources */ = {isa = PBXBuildFile; fileRef = 76A0956025E745D800917450 /* CreateTeamSheet.swift */; };
		76A0956525E80F0500917450 /* CreateGroupSheet.swift in Sources */ = {isa = PBXBuildFile; fileRef = 76A0956425E80F0500917450 /* CreateGroupSheet.swift */; };
		76A0956925E825ED00917450 /* SearchBarView.swift in Sources */ = {isa = PBXBuildFile; fileRef = 76A0956825E825ED00917450 /* SearchBarView.swift */; };
		76A184D125FD979B0070251D /* XDismissButton.swift in Sources */ = {isa = PBXBuildFile; fileRef = 76A184D025FD979B0070251D /* XDismissButton.swift */; };
		76A51DAA2605804D000C3DA4 /* AddButton.swift in Sources */ = {isa = PBXBuildFile; fileRef = 76A51DA92605804D000C3DA4 /* AddButton.swift */; };
		76BBA8142620C9F300929090 /* UpdatePasswordSheet.swift in Sources */ = {isa = PBXBuildFile; fileRef = 76BBA8132620C9F300929090 /* UpdatePasswordSheet.swift */; };
		76BBA81A2620D64C00929090 /* UpdateNameSheet.swift in Sources */ = {isa = PBXBuildFile; fileRef = 76BBA8192620D64C00929090 /* UpdateNameSheet.swift */; };
		76C0480426054878009ECBAB /* TeamCodeSheet.swift in Sources */ = {isa = PBXBuildFile; fileRef = 76C0480326054878009ECBAB /* TeamCodeSheet.swift */; };
		C92BA9EA25FD689300FEEADA /* NotificationBanner.swift in Sources */ = {isa = PBXBuildFile; fileRef = C92BA9E925FD689300FEEADA /* NotificationBanner.swift */; };
		C93F31D626CEE61000EC835D /* EditTextField.swift in Sources */ = {isa = PBXBuildFile; fileRef = C93F31D526CEE61000EC835D /* EditTextField.swift */; };
		C9419B732619126400279BB5 /* SessionItem.swift in Sources */ = {isa = PBXBuildFile; fileRef = C9419B722619126400279BB5 /* SessionItem.swift */; };
		C9419B76261915E900279BB5 /* SessionItemViewModel.swift in Sources */ = {isa = PBXBuildFile; fileRef = C9419B75261915E900279BB5 /* SessionItemViewModel.swift */; };
		C944CD32266D0A0A00F964DD /* Member.swift in Sources */ = {isa = PBXBuildFile; fileRef = C944CD31266D0A0A00F964DD /* Member.swift */; };
		C94A099A266C4A86004E6614 /* GroupMembersSheet.swift in Sources */ = {isa = PBXBuildFile; fileRef = C94A0999266C4A86004E6614 /* GroupMembersSheet.swift */; };
		C9AE738125EAAD940090C96B /* ActivityView.swift in Sources */ = {isa = PBXBuildFile; fileRef = C9AE738025EAAD940090C96B /* ActivityView.swift */; };
		C9AE739A25EACCD40090C96B /* ActiveMembers.swift in Sources */ = {isa = PBXBuildFile; fileRef = C9AE739925EACCD40090C96B /* ActiveMembers.swift */; };
		C9AE739E25EB19F50090C96B /* CreateSessionSheet.swift in Sources */ = {isa = PBXBuildFile; fileRef = C9AE739D25EB19F50090C96B /* CreateSessionSheet.swift */; };
		C9AE73A225EB1ACA0090C96B /* ActivityTypeTile.swift in Sources */ = {isa = PBXBuildFile; fileRef = C9AE73A125EB1ACA0090C96B /* ActivityTypeTile.swift */; };
		C9B1FCEF261E1EAE0081805E /* StickyNote.swift in Sources */ = {isa = PBXBuildFile; fileRef = C9B1FCEE261E1EAE0081805E /* StickyNote.swift */; };
		C9C67A1125E7FEDB002D16A9 /* UserSettingsView.swift in Sources */ = {isa = PBXBuildFile; fileRef = C9C67A1025E7FEDB002D16A9 /* UserSettingsView.swift */; };
		C9C67A1425E7FFC0002D16A9 /* EditButton.swift in Sources */ = {isa = PBXBuildFile; fileRef = C9C67A1325E7FFC0002D16A9 /* EditButton.swift */; };
		C9C67A2525E8288B002D16A9 /* HomeView.swift in Sources */ = {isa = PBXBuildFile; fileRef = C9C67A2425E8288B002D16A9 /* HomeView.swift */; };
		C9F230BA25F29D53006590DA /* TeamPic.swift in Sources */ = {isa = PBXBuildFile; fileRef = C9F230B925F29D53006590DA /* TeamPic.swift */; };
		C9F230BD25F29D8D006590DA /* GroupButton.swift in Sources */ = {isa = PBXBuildFile; fileRef = C9F230BC25F29D8D006590DA /* GroupButton.swift */; };
		C9F230C225F29D98006590DA /* SessionTile.swift in Sources */ = {isa = PBXBuildFile; fileRef = C9F230C025F29D98006590DA /* SessionTile.swift */; };
		C9F230C625F29DA3006590DA /* GroupMemberPanel.swift in Sources */ = {isa = PBXBuildFile; fileRef = C9F230C425F29DA3006590DA /* GroupMemberPanel.swift */; };
		C9F230C725F29DA3006590DA /* ProfilePic.swift in Sources */ = {isa = PBXBuildFile; fileRef = C9F230C525F29DA3006590DA /* ProfilePic.swift */; };
		C9F230CB25F9E61D006590DA /* OptionsButton.swift in Sources */ = {isa = PBXBuildFile; fileRef = C9F230CA25F9E61D006590DA /* OptionsButton.swift */; };
		DD15B00526051A7200F51777 /* Team.swift in Sources */ = {isa = PBXBuildFile; fileRef = DD15B00426051A7200F51777 /* Team.swift */; };
		DD15B00826051B2000F51777 /* TeamViewModel.swift in Sources */ = {isa = PBXBuildFile; fileRef = DD15B00726051B2000F51777 /* TeamViewModel.swift */; };
		DD2977352603D266000A1C95 /* UserAccountViewModel.swift in Sources */ = {isa = PBXBuildFile; fileRef = DD2977342603D266000A1C95 /* UserAccountViewModel.swift */; };
		DD3705CF26027AFA00E611FD /* User.swift in Sources */ = {isa = PBXBuildFile; fileRef = DD3705CE26027AFA00E611FD /* User.swift */; };
		DD3A4CE825DDC3CC007D68B6 /* LoginView.swift in Sources */ = {isa = PBXBuildFile; fileRef = DD3A4CE725DDC3CC007D68B6 /* LoginView.swift */; };
		DD3BF92E25D9C97800C368B0 /* CreativeIdeationApp.swift in Sources */ = {isa = PBXBuildFile; fileRef = DD3BF92D25D9C97800C368B0 /* CreativeIdeationApp.swift */; };
		DD3BF93225D9C97800C368B0 /* Assets.xcassets in Resources */ = {isa = PBXBuildFile; fileRef = DD3BF93125D9C97800C368B0 /* Assets.xcassets */; };
		DD3BF93525D9C97800C368B0 /* Preview Assets.xcassets in Resources */ = {isa = PBXBuildFile; fileRef = DD3BF93425D9C97800C368B0 /* Preview Assets.xcassets */; };
		DD71EE552624032A00795CE9 /* FirebaseFunctions in Frameworks */ = {isa = PBXBuildFile; productRef = DD71EE542624032A00795CE9 /* FirebaseFunctions */; };
		DD7997B026083F5C00392AED /* Session.swift in Sources */ = {isa = PBXBuildFile; fileRef = DD7997AF26083F5C00392AED /* Session.swift */; };
		DD7997B32608404500392AED /* SessionViewModel.swift in Sources */ = {isa = PBXBuildFile; fileRef = DD7997B22608404500392AED /* SessionViewModel.swift */; };
		DDB5B7BC26977CBA00836FE5 /* GoogleService-Info.plist in Resources */ = {isa = PBXBuildFile; fileRef = DDB5B7BB26977CBA00836FE5 /* GoogleService-Info.plist */; };
		DDC86D7525FBF4B500296AE6 /* FirebaseAuth in Frameworks */ = {isa = PBXBuildFile; productRef = DDC86D7425FBF4B500296AE6 /* FirebaseAuth */; };
		DDC86D7725FBF4B500296AE6 /* FirebaseFirestore in Frameworks */ = {isa = PBXBuildFile; productRef = DDC86D7625FBF4B500296AE6 /* FirebaseFirestore */; };
		DDC86D7925FBF4B500296AE6 /* FirebaseFirestoreSwift-Beta in Frameworks */ = {isa = PBXBuildFile; productRef = DDC86D7825FBF4B500296AE6 /* FirebaseFirestoreSwift-Beta */; };
		DDDFDA8E25E0830800342B1B /* BigButton.swift in Sources */ = {isa = PBXBuildFile; fileRef = DDDFDA8D25E0830800342B1B /* BigButton.swift */; };
		DDDFDA9825E08B0000342B1B /* PreferenceButton.swift in Sources */ = {isa = PBXBuildFile; fileRef = DDDFDA9725E08B0000342B1B /* PreferenceButton.swift */; };
/* End PBXBuildFile section */

/* Begin PBXFileReference section */
		761F4750261E212A0019B580 /* UpdateEmailSheet.swift */ = {isa = PBXFileReference; lastKnownFileType = sourcecode.swift; path = UpdateEmailSheet.swift; sourceTree = "<group>"; };
		761F4757261E43CB0019B580 /* SubmitButton.swift */ = {isa = PBXFileReference; lastKnownFileType = sourcecode.swift; path = SubmitButton.swift; sourceTree = "<group>"; };
		762EB075262655A100466F64 /* JoinTeamSheet.swift */ = {isa = PBXFileReference; lastKnownFileType = sourcecode.swift; path = JoinTeamSheet.swift; sourceTree = "<group>"; };
		76731F332602802200536836 /* TeamSettingsView.swift */ = {isa = PBXFileReference; lastKnownFileType = sourcecode.swift; path = TeamSettingsView.swift; sourceTree = "<group>"; };
		76731F382602828C00536836 /* PreferencePic.swift */ = {isa = PBXFileReference; lastKnownFileType = sourcecode.swift; path = PreferencePic.swift; sourceTree = "<group>"; };
		76731F3C2602880500536836 /* TextEditButton.swift */ = {isa = PBXFileReference; lastKnownFileType = sourcecode.swift; path = TextEditButton.swift; sourceTree = "<group>"; };
		76731F3F26029A7900536836 /* DeleteButton.swift */ = {isa = PBXFileReference; lastKnownFileType = sourcecode.swift; path = DeleteButton.swift; sourceTree = "<group>"; };
		767994BD25DDC79A001970B4 /* CreateAccountView.swift */ = {isa = PBXFileReference; lastKnownFileType = sourcecode.swift; path = CreateAccountView.swift; sourceTree = "<group>"; };
		768315D1261F5A1500F9D593 /* LogOutButton.swift */ = {isa = PBXFileReference; lastKnownFileType = sourcecode.swift; path = LogOutButton.swift; sourceTree = "<group>"; };
		76996463260699E5005058C7 /* Group.swift */ = {isa = PBXFileReference; lastKnownFileType = sourcecode.swift; path = Group.swift; sourceTree = "<group>"; };
		7699646626069A55005058C7 /* GroupViewModel.swift */ = {isa = PBXFileReference; lastKnownFileType = sourcecode.swift; path = GroupViewModel.swift; sourceTree = "<group>"; };
		76A0956025E745D800917450 /* CreateTeamSheet.swift */ = {isa = PBXFileReference; lastKnownFileType = sourcecode.swift; path = CreateTeamSheet.swift; sourceTree = "<group>"; };
		76A0956425E80F0500917450 /* CreateGroupSheet.swift */ = {isa = PBXFileReference; lastKnownFileType = sourcecode.swift; path = CreateGroupSheet.swift; sourceTree = "<group>"; };
		76A0956825E825ED00917450 /* SearchBarView.swift */ = {isa = PBXFileReference; lastKnownFileType = sourcecode.swift; path = SearchBarView.swift; sourceTree = "<group>"; };
		76A184D025FD979B0070251D /* XDismissButton.swift */ = {isa = PBXFileReference; lastKnownFileType = sourcecode.swift; path = XDismissButton.swift; sourceTree = "<group>"; };
		76A51DA92605804D000C3DA4 /* AddButton.swift */ = {isa = PBXFileReference; lastKnownFileType = sourcecode.swift; path = AddButton.swift; sourceTree = "<group>"; };
		76BBA8132620C9F300929090 /* UpdatePasswordSheet.swift */ = {isa = PBXFileReference; lastKnownFileType = sourcecode.swift; path = UpdatePasswordSheet.swift; sourceTree = "<group>"; };
		76BBA8192620D64C00929090 /* UpdateNameSheet.swift */ = {isa = PBXFileReference; lastKnownFileType = sourcecode.swift; path = UpdateNameSheet.swift; sourceTree = "<group>"; };
		76C0480326054878009ECBAB /* TeamCodeSheet.swift */ = {isa = PBXFileReference; lastKnownFileType = sourcecode.swift; path = TeamCodeSheet.swift; sourceTree = "<group>"; };
		C908346A264AD5B4006EC3E5 /* CreativeIdeation.entitlements */ = {isa = PBXFileReference; lastKnownFileType = text.plist.entitlements; path = CreativeIdeation.entitlements; sourceTree = "<group>"; };
		C92BA9E925FD689300FEEADA /* NotificationBanner.swift */ = {isa = PBXFileReference; lastKnownFileType = sourcecode.swift; path = NotificationBanner.swift; sourceTree = "<group>"; };
		C93F31D526CEE61000EC835D /* EditTextField.swift */ = {isa = PBXFileReference; lastKnownFileType = sourcecode.swift; path = EditTextField.swift; sourceTree = "<group>"; };
		C9419B722619126400279BB5 /* SessionItem.swift */ = {isa = PBXFileReference; lastKnownFileType = sourcecode.swift; path = SessionItem.swift; sourceTree = "<group>"; };
		C9419B75261915E900279BB5 /* SessionItemViewModel.swift */ = {isa = PBXFileReference; lastKnownFileType = sourcecode.swift; path = SessionItemViewModel.swift; sourceTree = "<group>"; };
		C944CD31266D0A0A00F964DD /* Member.swift */ = {isa = PBXFileReference; lastKnownFileType = sourcecode.swift; path = Member.swift; sourceTree = "<group>"; };
		C94A0999266C4A86004E6614 /* GroupMembersSheet.swift */ = {isa = PBXFileReference; lastKnownFileType = sourcecode.swift; path = GroupMembersSheet.swift; sourceTree = "<group>"; };
		C9AE738025EAAD940090C96B /* ActivityView.swift */ = {isa = PBXFileReference; lastKnownFileType = sourcecode.swift; path = ActivityView.swift; sourceTree = "<group>"; };
		C9AE739925EACCD40090C96B /* ActiveMembers.swift */ = {isa = PBXFileReference; lastKnownFileType = sourcecode.swift; path = ActiveMembers.swift; sourceTree = "<group>"; };
		C9AE739D25EB19F50090C96B /* CreateSessionSheet.swift */ = {isa = PBXFileReference; lastKnownFileType = sourcecode.swift; path = CreateSessionSheet.swift; sourceTree = "<group>"; };
		C9AE73A125EB1ACA0090C96B /* ActivityTypeTile.swift */ = {isa = PBXFileReference; lastKnownFileType = sourcecode.swift; path = ActivityTypeTile.swift; sourceTree = "<group>"; };
		C9B1FCEE261E1EAE0081805E /* StickyNote.swift */ = {isa = PBXFileReference; lastKnownFileType = sourcecode.swift; path = StickyNote.swift; sourceTree = "<group>"; };
		C9C67A1025E7FEDB002D16A9 /* UserSettingsView.swift */ = {isa = PBXFileReference; lastKnownFileType = sourcecode.swift; path = UserSettingsView.swift; sourceTree = "<group>"; };
		C9C67A1325E7FFC0002D16A9 /* EditButton.swift */ = {isa = PBXFileReference; lastKnownFileType = sourcecode.swift; path = EditButton.swift; sourceTree = "<group>"; };
		C9C67A2425E8288B002D16A9 /* HomeView.swift */ = {isa = PBXFileReference; lastKnownFileType = sourcecode.swift; path = HomeView.swift; sourceTree = "<group>"; };
		C9F230B925F29D53006590DA /* TeamPic.swift */ = {isa = PBXFileReference; fileEncoding = 4; lastKnownFileType = sourcecode.swift; path = TeamPic.swift; sourceTree = "<group>"; };
		C9F230BC25F29D8D006590DA /* GroupButton.swift */ = {isa = PBXFileReference; fileEncoding = 4; lastKnownFileType = sourcecode.swift; path = GroupButton.swift; sourceTree = "<group>"; };
		C9F230C025F29D98006590DA /* SessionTile.swift */ = {isa = PBXFileReference; fileEncoding = 4; lastKnownFileType = sourcecode.swift; path = SessionTile.swift; sourceTree = "<group>"; };
		C9F230C425F29DA3006590DA /* GroupMemberPanel.swift */ = {isa = PBXFileReference; fileEncoding = 4; lastKnownFileType = sourcecode.swift; path = GroupMemberPanel.swift; sourceTree = "<group>"; };
		C9F230C525F29DA3006590DA /* ProfilePic.swift */ = {isa = PBXFileReference; fileEncoding = 4; lastKnownFileType = sourcecode.swift; path = ProfilePic.swift; sourceTree = "<group>"; };
		C9F230CA25F9E61D006590DA /* OptionsButton.swift */ = {isa = PBXFileReference; lastKnownFileType = sourcecode.swift; path = OptionsButton.swift; sourceTree = "<group>"; };
		DD15B00426051A7200F51777 /* Team.swift */ = {isa = PBXFileReference; lastKnownFileType = sourcecode.swift; path = Team.swift; sourceTree = "<group>"; };
		DD15B00726051B2000F51777 /* TeamViewModel.swift */ = {isa = PBXFileReference; lastKnownFileType = sourcecode.swift; path = TeamViewModel.swift; sourceTree = "<group>"; };
		DD2977342603D266000A1C95 /* UserAccountViewModel.swift */ = {isa = PBXFileReference; lastKnownFileType = sourcecode.swift; path = UserAccountViewModel.swift; sourceTree = "<group>"; };
		DD3705CE26027AFA00E611FD /* User.swift */ = {isa = PBXFileReference; lastKnownFileType = sourcecode.swift; name = User.swift; path = CreativeIdeation/Screens/LoginView/User.swift; sourceTree = SOURCE_ROOT; };
		DD3A4CE725DDC3CC007D68B6 /* LoginView.swift */ = {isa = PBXFileReference; lastKnownFileType = sourcecode.swift; path = LoginView.swift; sourceTree = "<group>"; };
		DD3BF92A25D9C97800C368B0 /* CreativeIdeation.app */ = {isa = PBXFileReference; explicitFileType = wrapper.application; includeInIndex = 0; path = CreativeIdeation.app; sourceTree = BUILT_PRODUCTS_DIR; };
		DD3BF92D25D9C97800C368B0 /* CreativeIdeationApp.swift */ = {isa = PBXFileReference; lastKnownFileType = sourcecode.swift; path = CreativeIdeationApp.swift; sourceTree = "<group>"; };
		DD3BF93125D9C97800C368B0 /* Assets.xcassets */ = {isa = PBXFileReference; lastKnownFileType = folder.assetcatalog; path = Assets.xcassets; sourceTree = "<group>"; };
		DD3BF93425D9C97800C368B0 /* Preview Assets.xcassets */ = {isa = PBXFileReference; lastKnownFileType = folder.assetcatalog; path = "Preview Assets.xcassets"; sourceTree = "<group>"; };
		DD3BF93625D9C97800C368B0 /* Info.plist */ = {isa = PBXFileReference; lastKnownFileType = text.plist.xml; path = Info.plist; sourceTree = "<group>"; };
		DD7997AF26083F5C00392AED /* Session.swift */ = {isa = PBXFileReference; lastKnownFileType = sourcecode.swift; path = Session.swift; sourceTree = "<group>"; };
		DD7997B22608404500392AED /* SessionViewModel.swift */ = {isa = PBXFileReference; lastKnownFileType = sourcecode.swift; path = SessionViewModel.swift; sourceTree = "<group>"; };
		DDB5B7BB26977CBA00836FE5 /* GoogleService-Info.plist */ = {isa = PBXFileReference; fileEncoding = 4; lastKnownFileType = text.plist.xml; path = "GoogleService-Info.plist"; sourceTree = "<group>"; };
		DDD77417264ADF8C00680E65 /* CreativeIdeation.entitlements */ = {isa = PBXFileReference; lastKnownFileType = text.plist.entitlements; path = CreativeIdeation.entitlements; sourceTree = "<group>"; };
		DDDFDA8D25E0830800342B1B /* BigButton.swift */ = {isa = PBXFileReference; lastKnownFileType = sourcecode.swift; path = BigButton.swift; sourceTree = "<group>"; };
		DDDFDA9725E08B0000342B1B /* PreferenceButton.swift */ = {isa = PBXFileReference; lastKnownFileType = sourcecode.swift; path = PreferenceButton.swift; sourceTree = "<group>"; };
/* End PBXFileReference section */

/* Begin PBXFrameworksBuildPhase section */
		DD3BF92725D9C97800C368B0 /* Frameworks */ = {
			isa = PBXFrameworksBuildPhase;
			buildActionMask = 2147483647;
			files = (
				DDC86D7925FBF4B500296AE6 /* FirebaseFirestoreSwift-Beta in Frameworks */,
				DDC86D7525FBF4B500296AE6 /* FirebaseAuth in Frameworks */,
				DDC86D7725FBF4B500296AE6 /* FirebaseFirestore in Frameworks */,
				DD71EE552624032A00795CE9 /* FirebaseFunctions in Frameworks */,
			);
			runOnlyForDeploymentPostprocessing = 0;
		};
/* End PBXFrameworksBuildPhase section */

/* Begin PBXGroup section */
		76731F372602825200536836 /* TeamSettings */ = {
			isa = PBXGroup;
			children = (
				76731F382602828C00536836 /* PreferencePic.swift */,
			);
			path = TeamSettings;
			sourceTree = "<group>";
		};
		C93F31D126CEE2ED00EC835D /* Sheets */ = {
			isa = PBXGroup;
			children = (
				C93F31D226CEE2F400EC835D /* HomeViewSheets */,
				C93F31D426CEE30400EC835D /* ActivitySheets */,
				C93F31D326CEE2FA00EC835D /* UserSettingsSheets */,
			);
			path = Sheets;
			sourceTree = "<group>";
		};
		C93F31D226CEE2F400EC835D /* HomeViewSheets */ = {
			isa = PBXGroup;
			children = (
				762EB075262655A100466F64 /* JoinTeamSheet.swift */,
				C9AE739D25EB19F50090C96B /* CreateSessionSheet.swift */,
				C94A0999266C4A86004E6614 /* GroupMembersSheet.swift */,
				76A0956425E80F0500917450 /* CreateGroupSheet.swift */,
				76C0480326054878009ECBAB /* TeamCodeSheet.swift */,
				76A0956025E745D800917450 /* CreateTeamSheet.swift */,
			);
			path = HomeViewSheets;
			sourceTree = "<group>";
		};
		C93F31D326CEE2FA00EC835D /* UserSettingsSheets */ = {
			isa = PBXGroup;
			children = (
				76BBA8192620D64C00929090 /* UpdateNameSheet.swift */,
				76BBA8132620C9F300929090 /* UpdatePasswordSheet.swift */,
				761F4750261E212A0019B580 /* UpdateEmailSheet.swift */,
			);
			path = UserSettingsSheets;
			sourceTree = "<group>";
		};
		C93F31D426CEE30400EC835D /* ActivitySheets */ = {
			isa = PBXGroup;
			children = (
			);
			path = ActivitySheets;
			sourceTree = "<group>";
		};
		C9AE738325EAAE320090C96B /* SessionComponents */ = {
			isa = PBXGroup;
			children = (
				C9AE73A125EB1ACA0090C96B /* ActivityTypeTile.swift */,
				C9AE739925EACCD40090C96B /* ActiveMembers.swift */,
				C9B1FCEE261E1EAE0081805E /* StickyNote.swift */,
			);
			path = SessionComponents;
			sourceTree = "<group>";
		};
		C9DC348825EA0E5000CA28BB /* SessionsList */ = {
			isa = PBXGroup;
			children = (
				C9F230C025F29D98006590DA /* SessionTile.swift */,
			);
			path = SessionsList;
			sourceTree = "<group>";
		};
		C9DC348B25EA0EA400CA28BB /* GroupMemberPanel */ = {
			isa = PBXGroup;
			children = (
				76A0956825E825ED00917450 /* SearchBarView.swift */,
				C9F230C425F29DA3006590DA /* GroupMemberPanel.swift */,
			);
			path = GroupMemberPanel;
			sourceTree = "<group>";
		};
		C9F1C91F25EA120400F95F61 /* TeamSidebar */ = {
			isa = PBXGroup;
			children = (
				C9F230B925F29D53006590DA /* TeamPic.swift */,
			);
			path = TeamSidebar;
			sourceTree = "<group>";
		};
		DD3A4CE025DDC181007D68B6 /* Screens */ = {
			isa = PBXGroup;
			children = (
				C93F31D126CEE2ED00EC835D /* Sheets */,
				DD3A4CE725DDC3CC007D68B6 /* LoginView.swift */,
				767994BD25DDC79A001970B4 /* CreateAccountView.swift */,
				C9C67A2425E8288B002D16A9 /* HomeView.swift */,
				76731F332602802200536836 /* TeamSettingsView.swift */,
				C9C67A1025E7FEDB002D16A9 /* UserSettingsView.swift */,
				C9AE738025EAAD940090C96B /* ActivityView.swift */,
			);
			path = Screens;
			sourceTree = "<group>";
		};
		DD3A4CE125DDC186007D68B6 /* Model */ = {
			isa = PBXGroup;
			children = (
				DD3705CE26027AFA00E611FD /* User.swift */,
				DD15B00426051A7200F51777 /* Team.swift */,
				76996463260699E5005058C7 /* Group.swift */,
				DD7997AF26083F5C00392AED /* Session.swift */,
				C9419B722619126400279BB5 /* SessionItem.swift */,
				C944CD31266D0A0A00F964DD /* Member.swift */,
			);
			path = Model;
			sourceTree = "<group>";
		};
		DD3A4CE225DDC18E007D68B6 /* Views */ = {
			isa = PBXGroup;
			children = (
				DDDFDA9225E086C300342B1B /* Views */,
				DDDFDA8C25E0827B00342B1B /* Buttons */,
			);
			path = Views;
			sourceTree = "<group>";
		};
		DD3BF92125D9C97700C368B0 = {
			isa = PBXGroup;
			children = (
				DD3BF92C25D9C97800C368B0 /* CreativeIdeation */,
				DD3BF92B25D9C97800C368B0 /* Products */,
				DD71EE532624032A00795CE9 /* Frameworks */,
			);
			sourceTree = "<group>";
		};
		DD3BF92B25D9C97800C368B0 /* Products */ = {
			isa = PBXGroup;
			children = (
				DD3BF92A25D9C97800C368B0 /* CreativeIdeation.app */,
			);
			name = Products;
			sourceTree = "<group>";
		};
		DD3BF92C25D9C97800C368B0 /* CreativeIdeation */ = {
			isa = PBXGroup;
			children = (
				C908346A264AD5B4006EC3E5 /* CreativeIdeation.entitlements */,
				DDD77417264ADF8C00680E65 /* CreativeIdeation.entitlements */,
				DD3A4CE225DDC18E007D68B6 /* Views */,
				DD3A4CE125DDC186007D68B6 /* Model */,
				DDA4DD132603CCFA008972FD /* ViewModels */,
				DD3A4CE025DDC181007D68B6 /* Screens */,
				DD3BF92D25D9C97800C368B0 /* CreativeIdeationApp.swift */,
				DD3BF93125D9C97800C368B0 /* Assets.xcassets */,
				DD3BF93625D9C97800C368B0 /* Info.plist */,
				DDB5B7BB26977CBA00836FE5 /* GoogleService-Info.plist */,
				DD3BF93325D9C97800C368B0 /* Preview Content */,
			);
			path = CreativeIdeation;
			sourceTree = "<group>";
		};
		DD3BF93325D9C97800C368B0 /* Preview Content */ = {
			isa = PBXGroup;
			children = (
				DD3BF93425D9C97800C368B0 /* Preview Assets.xcassets */,
			);
			path = "Preview Content";
			sourceTree = "<group>";
		};
		DD71EE532624032A00795CE9 /* Frameworks */ = {
			isa = PBXGroup;
			children = (
			);
			name = Frameworks;
			sourceTree = "<group>";
		};
		DDA4DD132603CCFA008972FD /* ViewModels */ = {
			isa = PBXGroup;
			children = (
				DD2977342603D266000A1C95 /* UserAccountViewModel.swift */,
				DD15B00726051B2000F51777 /* TeamViewModel.swift */,
				7699646626069A55005058C7 /* GroupViewModel.swift */,
				DD7997B22608404500392AED /* SessionViewModel.swift */,
				C9419B75261915E900279BB5 /* SessionItemViewModel.swift */,
			);
			path = ViewModels;
			sourceTree = "<group>";
		};
		DDDFDA8C25E0827B00342B1B /* Buttons */ = {
			isa = PBXGroup;
			children = (
				76A51DA92605804D000C3DA4 /* AddButton.swift */,
				DDDFDA8D25E0830800342B1B /* BigButton.swift */,
				C9C67A1325E7FFC0002D16A9 /* EditButton.swift */,
				C9F230BC25F29D8D006590DA /* GroupButton.swift */,
				DDDFDA9725E08B0000342B1B /* PreferenceButton.swift */,
				C9F230CA25F9E61D006590DA /* OptionsButton.swift */,
				76A184D025FD979B0070251D /* XDismissButton.swift */,
				76731F3C2602880500536836 /* TextEditButton.swift */,
				76731F3F26029A7900536836 /* DeleteButton.swift */,
				761F4757261E43CB0019B580 /* SubmitButton.swift */,
				768315D1261F5A1500F9D593 /* LogOutButton.swift */,
			);
			path = Buttons;
			sourceTree = "<group>";
		};
		DDDFDA9225E086C300342B1B /* Views */ = {
			isa = PBXGroup;
			children = (
				76731F372602825200536836 /* TeamSettings */,
				C9AE738325EAAE320090C96B /* SessionComponents */,
				C9F1C91F25EA120400F95F61 /* TeamSidebar */,
				C9DC348B25EA0EA400CA28BB /* GroupMemberPanel */,
				C9DC348825EA0E5000CA28BB /* SessionsList */,
				C9F230C525F29DA3006590DA /* ProfilePic.swift */,
				C93F31D526CEE61000EC835D /* EditTextField.swift */,
				C92BA9E925FD689300FEEADA /* NotificationBanner.swift */,
			);
			path = Views;
			sourceTree = "<group>";
		};
/* End PBXGroup section */

/* Begin PBXNativeTarget section */
		DD3BF92925D9C97800C368B0 /* CreativeIdeation */ = {
			isa = PBXNativeTarget;
			buildConfigurationList = DD3BF93925D9C97800C368B0 /* Build configuration list for PBXNativeTarget "CreativeIdeation" */;
			buildPhases = (
				DD3BF92625D9C97800C368B0 /* Sources */,
				DD3BF92725D9C97800C368B0 /* Frameworks */,
				DD3BF92825D9C97800C368B0 /* Resources */,
				DD7DB323260A5DCF00F4ECC8 /* ShellScript */,
			);
			buildRules = (
			);
			dependencies = (
			);
			name = CreativeIdeation;
			packageProductDependencies = (
				DDC86D7425FBF4B500296AE6 /* FirebaseAuth */,
				DDC86D7625FBF4B500296AE6 /* FirebaseFirestore */,
				DDC86D7825FBF4B500296AE6 /* FirebaseFirestoreSwift-Beta */,
				DD71EE542624032A00795CE9 /* FirebaseFunctions */,
			);
			productName = CreativeIdeation;
			productReference = DD3BF92A25D9C97800C368B0 /* CreativeIdeation.app */;
			productType = "com.apple.product-type.application";
		};
/* End PBXNativeTarget section */

/* Begin PBXProject section */
		DD3BF92225D9C97700C368B0 /* Project object */ = {
			isa = PBXProject;
			attributes = {
				LastSwiftUpdateCheck = 1240;
				LastUpgradeCheck = 1240;
				TargetAttributes = {
					DD3BF92925D9C97800C368B0 = {
						CreatedOnToolsVersion = 12.4;
					};
				};
			};
			buildConfigurationList = DD3BF92525D9C97700C368B0 /* Build configuration list for PBXProject "CreativeIdeation" */;
			compatibilityVersion = "Xcode 9.3";
			developmentRegion = en;
			hasScannedForEncodings = 0;
			knownRegions = (
				en,
				Base,
			);
			mainGroup = DD3BF92125D9C97700C368B0;
			packageReferences = (
				DDC86D7325FBF4B500296AE6 /* XCRemoteSwiftPackageReference "firebase-ios-sdk" */,
			);
			productRefGroup = DD3BF92B25D9C97800C368B0 /* Products */;
			projectDirPath = "";
			projectRoot = "";
			targets = (
				DD3BF92925D9C97800C368B0 /* CreativeIdeation */,
			);
		};
/* End PBXProject section */

/* Begin PBXResourcesBuildPhase section */
		DD3BF92825D9C97800C368B0 /* Resources */ = {
			isa = PBXResourcesBuildPhase;
			buildActionMask = 2147483647;
			files = (
				DD3BF93525D9C97800C368B0 /* Preview Assets.xcassets in Resources */,
				DD3BF93225D9C97800C368B0 /* Assets.xcassets in Resources */,
				DDB5B7BC26977CBA00836FE5 /* GoogleService-Info.plist in Resources */,
			);
			runOnlyForDeploymentPostprocessing = 0;
		};
/* End PBXResourcesBuildPhase section */

/* Begin PBXShellScriptBuildPhase section */
		DD7DB323260A5DCF00F4ECC8 /* ShellScript */ = {
			isa = PBXShellScriptBuildPhase;
			buildActionMask = 2147483647;
			files = (
			);
			inputFileListPaths = (
			);
			inputPaths = (
			);
			outputFileListPaths = (
			);
			outputPaths = (
			);
			runOnlyForDeploymentPostprocessing = 0;
			shellPath = /bin/sh;
			shellScript = "if which swiftlint >/dev/null; then\n  swiftlint\nelse\n  echo \"warning: SwiftLint not installed, download from https://github.com/realm/SwiftLint\"\nfi\n";
		};
/* End PBXShellScriptBuildPhase section */

/* Begin PBXSourcesBuildPhase section */
		DD3BF92625D9C97800C368B0 /* Sources */ = {
			isa = PBXSourcesBuildPhase;
			buildActionMask = 2147483647;
			files = (
				76BBA81A2620D64C00929090 /* UpdateNameSheet.swift in Sources */,
				767994BE25DDC79A001970B4 /* CreateAccountView.swift in Sources */,
				DD7997B32608404500392AED /* SessionViewModel.swift in Sources */,
				DD15B00526051A7200F51777 /* Team.swift in Sources */,
				C93F31D626CEE61000EC835D /* EditTextField.swift in Sources */,
				C9F230C725F29DA3006590DA /* ProfilePic.swift in Sources */,
				76A0956525E80F0500917450 /* CreateGroupSheet.swift in Sources */,
				7699646726069A55005058C7 /* GroupViewModel.swift in Sources */,
				76A51DAA2605804D000C3DA4 /* AddButton.swift in Sources */,
				C9B1FCEF261E1EAE0081805E /* StickyNote.swift in Sources */,
				C9C67A2525E8288B002D16A9 /* HomeView.swift in Sources */,
				DD2977352603D266000A1C95 /* UserAccountViewModel.swift in Sources */,
				DD7997B026083F5C00392AED /* Session.swift in Sources */,
				C9419B732619126400279BB5 /* SessionItem.swift in Sources */,
				DD15B00826051B2000F51777 /* TeamViewModel.swift in Sources */,
				C9AE73A225EB1ACA0090C96B /* ActivityTypeTile.swift in Sources */,
				C9419B76261915E900279BB5 /* SessionItemViewModel.swift in Sources */,
				C9AE739A25EACCD40090C96B /* ActiveMembers.swift in Sources */,
				C9F230CB25F9E61D006590DA /* OptionsButton.swift in Sources */,
				76731F342602802200536836 /* TeamSettingsView.swift in Sources */,
				DD3A4CE825DDC3CC007D68B6 /* LoginView.swift in Sources */,
				DD3705CF26027AFA00E611FD /* User.swift in Sources */,
				DDDFDA8E25E0830800342B1B /* BigButton.swift in Sources */,
				C9C67A1125E7FEDB002D16A9 /* UserSettingsView.swift in Sources */,
				C9C67A1425E7FFC0002D16A9 /* EditButton.swift in Sources */,
				76996464260699E5005058C7 /* Group.swift in Sources */,
				C9F230C625F29DA3006590DA /* GroupMemberPanel.swift in Sources */,
				C9AE738125EAAD940090C96B /* ActivityView.swift in Sources */,
				C9F230C225F29D98006590DA /* SessionTile.swift in Sources */,
				C94A099A266C4A86004E6614 /* GroupMembersSheet.swift in Sources */,
				76731F392602828C00536836 /* PreferencePic.swift in Sources */,
				76A184D125FD979B0070251D /* XDismissButton.swift in Sources */,
				C9F230BD25F29D8D006590DA /* GroupButton.swift in Sources */,
				C9F230BA25F29D53006590DA /* TeamPic.swift in Sources */,
				76C0480426054878009ECBAB /* TeamCodeSheet.swift in Sources */,
				DDDFDA9825E08B0000342B1B /* PreferenceButton.swift in Sources */,
				761F4751261E212A0019B580 /* UpdateEmailSheet.swift in Sources */,
				768315D2261F5A1500F9D593 /* LogOutButton.swift in Sources */,
				76A0956925E825ED00917450 /* SearchBarView.swift in Sources */,
				762EB076262655A100466F64 /* JoinTeamSheet.swift in Sources */,
				C92BA9EA25FD689300FEEADA /* NotificationBanner.swift in Sources */,
				DD3BF92E25D9C97800C368B0 /* CreativeIdeationApp.swift in Sources */,
				C944CD32266D0A0A00F964DD /* Member.swift in Sources */,
				76A0956125E745D800917450 /* CreateTeamSheet.swift in Sources */,
				76BBA8142620C9F300929090 /* UpdatePasswordSheet.swift in Sources */,
				76731F4026029A7900536836 /* DeleteButton.swift in Sources */,
				76731F3D2602880500536836 /* TextEditButton.swift in Sources */,
				C9AE739E25EB19F50090C96B /* CreateSessionSheet.swift in Sources */,
				761F4758261E43CB0019B580 /* SubmitButton.swift in Sources */,
			);
			runOnlyForDeploymentPostprocessing = 0;
		};
/* End PBXSourcesBuildPhase section */

/* Begin XCBuildConfiguration section */
		DD3BF93725D9C97800C368B0 /* Debug */ = {
			isa = XCBuildConfiguration;
			buildSettings = {
				ALWAYS_SEARCH_USER_PATHS = NO;
				CLANG_ANALYZER_NONNULL = YES;
				CLANG_ANALYZER_NUMBER_OBJECT_CONVERSION = YES_AGGRESSIVE;
				CLANG_CXX_LANGUAGE_STANDARD = "gnu++14";
				CLANG_CXX_LIBRARY = "libc++";
				CLANG_ENABLE_MODULES = YES;
				CLANG_ENABLE_OBJC_ARC = YES;
				CLANG_ENABLE_OBJC_WEAK = YES;
				CLANG_WARN_BLOCK_CAPTURE_AUTORELEASING = YES;
				CLANG_WARN_BOOL_CONVERSION = YES;
				CLANG_WARN_COMMA = YES;
				CLANG_WARN_CONSTANT_CONVERSION = YES;
				CLANG_WARN_DEPRECATED_OBJC_IMPLEMENTATIONS = YES;
				CLANG_WARN_DIRECT_OBJC_ISA_USAGE = YES_ERROR;
				CLANG_WARN_DOCUMENTATION_COMMENTS = YES;
				CLANG_WARN_EMPTY_BODY = YES;
				CLANG_WARN_ENUM_CONVERSION = YES;
				CLANG_WARN_INFINITE_RECURSION = YES;
				CLANG_WARN_INT_CONVERSION = YES;
				CLANG_WARN_NON_LITERAL_NULL_CONVERSION = YES;
				CLANG_WARN_OBJC_IMPLICIT_RETAIN_SELF = YES;
				CLANG_WARN_OBJC_LITERAL_CONVERSION = YES;
				CLANG_WARN_OBJC_ROOT_CLASS = YES_ERROR;
				CLANG_WARN_QUOTED_INCLUDE_IN_FRAMEWORK_HEADER = YES;
				CLANG_WARN_RANGE_LOOP_ANALYSIS = YES;
				CLANG_WARN_STRICT_PROTOTYPES = YES;
				CLANG_WARN_SUSPICIOUS_MOVE = YES;
				CLANG_WARN_UNGUARDED_AVAILABILITY = YES_AGGRESSIVE;
				CLANG_WARN_UNREACHABLE_CODE = YES;
				CLANG_WARN__DUPLICATE_METHOD_MATCH = YES;
				COPY_PHASE_STRIP = NO;
				DEBUG_INFORMATION_FORMAT = dwarf;
				ENABLE_STRICT_OBJC_MSGSEND = YES;
				ENABLE_TESTABILITY = YES;
				GCC_C_LANGUAGE_STANDARD = gnu11;
				GCC_DYNAMIC_NO_PIC = NO;
				GCC_NO_COMMON_BLOCKS = YES;
				GCC_OPTIMIZATION_LEVEL = 0;
				GCC_PREPROCESSOR_DEFINITIONS = (
					"DEBUG=1",
					"$(inherited)",
				);
				GCC_WARN_64_TO_32_BIT_CONVERSION = YES;
				GCC_WARN_ABOUT_RETURN_TYPE = YES_ERROR;
				GCC_WARN_UNDECLARED_SELECTOR = YES;
				GCC_WARN_UNINITIALIZED_AUTOS = YES_AGGRESSIVE;
				GCC_WARN_UNUSED_FUNCTION = YES;
				GCC_WARN_UNUSED_VARIABLE = YES;
				IPHONEOS_DEPLOYMENT_TARGET = 14.4;
				MTL_ENABLE_DEBUG_INFO = INCLUDE_SOURCE;
				MTL_FAST_MATH = YES;
				ONLY_ACTIVE_ARCH = YES;
				SDKROOT = iphoneos;
				SWIFT_ACTIVE_COMPILATION_CONDITIONS = DEBUG;
				SWIFT_OPTIMIZATION_LEVEL = "-Onone";
			};
			name = Debug;
		};
		DD3BF93825D9C97800C368B0 /* Release */ = {
			isa = XCBuildConfiguration;
			buildSettings = {
				ALWAYS_SEARCH_USER_PATHS = NO;
				CLANG_ANALYZER_NONNULL = YES;
				CLANG_ANALYZER_NUMBER_OBJECT_CONVERSION = YES_AGGRESSIVE;
				CLANG_CXX_LANGUAGE_STANDARD = "gnu++14";
				CLANG_CXX_LIBRARY = "libc++";
				CLANG_ENABLE_MODULES = YES;
				CLANG_ENABLE_OBJC_ARC = YES;
				CLANG_ENABLE_OBJC_WEAK = YES;
				CLANG_WARN_BLOCK_CAPTURE_AUTORELEASING = YES;
				CLANG_WARN_BOOL_CONVERSION = YES;
				CLANG_WARN_COMMA = YES;
				CLANG_WARN_CONSTANT_CONVERSION = YES;
				CLANG_WARN_DEPRECATED_OBJC_IMPLEMENTATIONS = YES;
				CLANG_WARN_DIRECT_OBJC_ISA_USAGE = YES_ERROR;
				CLANG_WARN_DOCUMENTATION_COMMENTS = YES;
				CLANG_WARN_EMPTY_BODY = YES;
				CLANG_WARN_ENUM_CONVERSION = YES;
				CLANG_WARN_INFINITE_RECURSION = YES;
				CLANG_WARN_INT_CONVERSION = YES;
				CLANG_WARN_NON_LITERAL_NULL_CONVERSION = YES;
				CLANG_WARN_OBJC_IMPLICIT_RETAIN_SELF = YES;
				CLANG_WARN_OBJC_LITERAL_CONVERSION = YES;
				CLANG_WARN_OBJC_ROOT_CLASS = YES_ERROR;
				CLANG_WARN_QUOTED_INCLUDE_IN_FRAMEWORK_HEADER = YES;
				CLANG_WARN_RANGE_LOOP_ANALYSIS = YES;
				CLANG_WARN_STRICT_PROTOTYPES = YES;
				CLANG_WARN_SUSPICIOUS_MOVE = YES;
				CLANG_WARN_UNGUARDED_AVAILABILITY = YES_AGGRESSIVE;
				CLANG_WARN_UNREACHABLE_CODE = YES;
				CLANG_WARN__DUPLICATE_METHOD_MATCH = YES;
				COPY_PHASE_STRIP = NO;
				DEBUG_INFORMATION_FORMAT = "dwarf-with-dsym";
				ENABLE_NS_ASSERTIONS = NO;
				ENABLE_STRICT_OBJC_MSGSEND = YES;
				GCC_C_LANGUAGE_STANDARD = gnu11;
				GCC_NO_COMMON_BLOCKS = YES;
				GCC_WARN_64_TO_32_BIT_CONVERSION = YES;
				GCC_WARN_ABOUT_RETURN_TYPE = YES_ERROR;
				GCC_WARN_UNDECLARED_SELECTOR = YES;
				GCC_WARN_UNINITIALIZED_AUTOS = YES_AGGRESSIVE;
				GCC_WARN_UNUSED_FUNCTION = YES;
				GCC_WARN_UNUSED_VARIABLE = YES;
				IPHONEOS_DEPLOYMENT_TARGET = 14.4;
				MTL_ENABLE_DEBUG_INFO = NO;
				MTL_FAST_MATH = YES;
				SDKROOT = iphoneos;
				SWIFT_COMPILATION_MODE = wholemodule;
				SWIFT_OPTIMIZATION_LEVEL = "-O";
				VALIDATE_PRODUCT = YES;
			};
			name = Release;
		};
		DD3BF93A25D9C97800C368B0 /* Debug */ = {
			isa = XCBuildConfiguration;
			buildSettings = {
				ASSETCATALOG_COMPILER_APPICON_NAME = AppIcon;
				ASSETCATALOG_COMPILER_GLOBAL_ACCENT_COLOR_NAME = AccentColor;
				CODE_SIGN_ENTITLEMENTS = CreativeIdeation/CreativeIdeation.entitlements;
				CODE_SIGN_IDENTITY = "Apple Development";
				"CODE_SIGN_IDENTITY[sdk=macosx*]" = "Apple Development";
				CODE_SIGN_STYLE = Automatic;
				DEVELOPMENT_ASSET_PATHS = "\"CreativeIdeation/Preview Content\"";
				DEVELOPMENT_TEAM = SY6XBMC34U;
				"ENABLE_HARDENED_RUNTIME[sdk=macosx*]" = YES;
				ENABLE_PREVIEWS = YES;
				INFOPLIST_FILE = CreativeIdeation/Info.plist;
				IPHONEOS_DEPLOYMENT_TARGET = 14.0;
				LD_RUNPATH_SEARCH_PATHS = (
					"$(inherited)",
					"@executable_path/Frameworks",
				);
				PRODUCT_BUNDLE_IDENTIFIER = "-B7KJQCFCP.maccatalyst.com.mvk.creativeideation";
				PRODUCT_NAME = "$(TARGET_NAME)";
				PROVISIONING_PROFILE_SPECIFIER = "";
				SUPPORTS_MACCATALYST = YES;
				SWIFT_VERSION = 5.0;
				TARGETED_DEVICE_FAMILY = "1,2";
			};
			name = Debug;
		};
		DD3BF93B25D9C97800C368B0 /* Release */ = {
			isa = XCBuildConfiguration;
			buildSettings = {
				ASSETCATALOG_COMPILER_APPICON_NAME = AppIcon;
				ASSETCATALOG_COMPILER_GLOBAL_ACCENT_COLOR_NAME = AccentColor;
				CODE_SIGN_ENTITLEMENTS = CreativeIdeation/CreativeIdeation.entitlements;
				CODE_SIGN_IDENTITY = "Apple Development";
				"CODE_SIGN_IDENTITY[sdk=macosx*]" = "Apple Development";
				CODE_SIGN_STYLE = Automatic;
				DEVELOPMENT_ASSET_PATHS = "\"CreativeIdeation/Preview Content\"";
				DEVELOPMENT_TEAM = SY6XBMC34U;
				"ENABLE_HARDENED_RUNTIME[sdk=macosx*]" = YES;
				ENABLE_PREVIEWS = YES;
				INFOPLIST_FILE = CreativeIdeation/Info.plist;
				IPHONEOS_DEPLOYMENT_TARGET = 14.0;
				LD_RUNPATH_SEARCH_PATHS = (
					"$(inherited)",
					"@executable_path/Frameworks",
				);
				PRODUCT_BUNDLE_IDENTIFIER = "-B7KJQCFCP.maccatalyst.com.mvk.creativeideation";
				PRODUCT_NAME = "$(TARGET_NAME)";
				PROVISIONING_PROFILE_SPECIFIER = "";
				SUPPORTS_MACCATALYST = YES;
				SWIFT_VERSION = 5.0;
				TARGETED_DEVICE_FAMILY = "1,2";
			};
			name = Release;
		};
/* End XCBuildConfiguration section */

/* Begin XCConfigurationList section */
		DD3BF92525D9C97700C368B0 /* Build configuration list for PBXProject "CreativeIdeation" */ = {
			isa = XCConfigurationList;
			buildConfigurations = (
				DD3BF93725D9C97800C368B0 /* Debug */,
				DD3BF93825D9C97800C368B0 /* Release */,
			);
			defaultConfigurationIsVisible = 0;
			defaultConfigurationName = Release;
		};
		DD3BF93925D9C97800C368B0 /* Build configuration list for PBXNativeTarget "CreativeIdeation" */ = {
			isa = XCConfigurationList;
			buildConfigurations = (
				DD3BF93A25D9C97800C368B0 /* Debug */,
				DD3BF93B25D9C97800C368B0 /* Release */,
			);
			defaultConfigurationIsVisible = 0;
			defaultConfigurationName = Release;
		};
/* End XCConfigurationList section */

/* Begin XCRemoteSwiftPackageReference section */
		DDC86D7325FBF4B500296AE6 /* XCRemoteSwiftPackageReference "firebase-ios-sdk" */ = {
			isa = XCRemoteSwiftPackageReference;
			repositoryURL = "https://github.com/firebase/firebase-ios-sdk.git";
			requirement = {
				kind = upToNextMajorVersion;
				minimumVersion = 7.8.0;
			};
		};
/* End XCRemoteSwiftPackageReference section */

/* Begin XCSwiftPackageProductDependency section */
		DD71EE542624032A00795CE9 /* FirebaseFunctions */ = {
			isa = XCSwiftPackageProductDependency;
			package = DDC86D7325FBF4B500296AE6 /* XCRemoteSwiftPackageReference "firebase-ios-sdk" */;
			productName = FirebaseFunctions;
		};
		DDC86D7425FBF4B500296AE6 /* FirebaseAuth */ = {
			isa = XCSwiftPackageProductDependency;
			package = DDC86D7325FBF4B500296AE6 /* XCRemoteSwiftPackageReference "firebase-ios-sdk" */;
			productName = FirebaseAuth;
		};
		DDC86D7625FBF4B500296AE6 /* FirebaseFirestore */ = {
			isa = XCSwiftPackageProductDependency;
			package = DDC86D7325FBF4B500296AE6 /* XCRemoteSwiftPackageReference "firebase-ios-sdk" */;
			productName = FirebaseFirestore;
		};
		DDC86D7825FBF4B500296AE6 /* FirebaseFirestoreSwift-Beta */ = {
			isa = XCSwiftPackageProductDependency;
			package = DDC86D7325FBF4B500296AE6 /* XCRemoteSwiftPackageReference "firebase-ios-sdk" */;
			productName = "FirebaseFirestoreSwift-Beta";
		};
/* End XCSwiftPackageProductDependency section */
	};
	rootObject = DD3BF92225D9C97700C368B0 /* Project object */;
}
